
Microsoft Visual Studio Solution File, Format Version 12.00
# Visual Studio Version 17
VisualStudioVersion = 17.10.35013.160
MinimumVisualStudioVersion = 10.0.40219.1
Project("{2150E333-8FDC-42A3-9474-1A3956D46DE8}") = "src", "src", "{919AC9D3-E8FB-44BC-9BE6-445068965BAF}"
EndProject
Project("{2150E333-8FDC-42A3-9474-1A3956D46DE8}") = "FrontEnd", "FrontEnd", "{9DE2CA7E-7F52-4E24-8502-D435860AFAF5}"
EndProject
Project("{2150E333-8FDC-42A3-9474-1A3956D46DE8}") = "BackEnd", "BackEnd", "{5B285D3E-E1C8-4963-B601-7A00EC0CC749}"
EndProject
Project("{2150E333-8FDC-42A3-9474-1A3956D46DE8}") = "Common", "Common", "{AE190B6F-5D41-4268-9F94-981D2555DB5B}"
EndProject
Project("{2150E333-8FDC-42A3-9474-1A3956D46DE8}") = "Infraestructure", "Infraestructure", "{1B50D06B-3973-49E5-9983-B1A5AC715F85}"
EndProject
Project("{9A19103F-16F7-4668-BE54-9A1E7A4F7556}") = "Northwind.Common.Data", "Northwind.Common.Data\Northwind.Common.Data.csproj", "{D0C40765-92EA-45A4-9100-DCC0413D9C12}"
EndProject
Project("{9A19103F-16F7-4668-BE54-9A1E7A4F7556}") = "Northwind.Infraestructure", "Northwind.Infraestructure\Northwind.Infraestructure.csproj", "{6919F005-F21F-48DB-B132-A5F5D5D61323}"
EndProject
Project("{2150E333-8FDC-42A3-9474-1A3956D46DE8}") = "Modules", "Modules", "{8412E103-65E8-4CD7-A1B1-F50AA68167D2}"
EndProject
Project("{2150E333-8FDC-42A3-9474-1A3956D46DE8}") = "Employees Management", "Employees Management", "{A64FF068-933D-400E-BB2B-05AD21E4B38F}"
EndProject
Project("{2150E333-8FDC-42A3-9474-1A3956D46DE8}") = "Apis", "Apis", "{5318DDD3-CF7A-407F-B8E3-31E9AAAC9A2B}"
EndProject
Project("{2150E333-8FDC-42A3-9474-1A3956D46DE8}") = "Application", "Application", "{F40BF575-F4ED-4380-AE7E-6771F6494E18}"
EndProject
Project("{2150E333-8FDC-42A3-9474-1A3956D46DE8}") = "Domain", "Domain", "{A816655D-A7C4-4EC1-A247-5BCA0B054EA2}"
EndProject
Project("{9A19103F-16F7-4668-BE54-9A1E7A4F7556}") = "Northwind.Employees.Api", "Northwind.Employees.Api\Northwind.Employees.Api.csproj", "{55CB9FA7-56CD-4E7E-BC7A-567F41C0EC48}"
EndProject
Project("{9A19103F-16F7-4668-BE54-9A1E7A4F7556}") = "Northwind.Employees.Application", "Northwind.Employees.Application\Northwind.Employees.Application.csproj", "{C30774C7-0D78-44A5-B5A9-73AFC5B87904}"
EndProject
Project("{2150E333-8FDC-42A3-9474-1A3956D46DE8}") = "Orders Management", "Orders Management", "{4C39FAF1-1391-4239-9121-6AC1AF47654D}"
EndProject
Project("{2150E333-8FDC-42A3-9474-1A3956D46DE8}") = "Apis", "Apis", "{F5D8279A-49EC-43E0-9DA2-C9B467801E49}"
EndProject
Project("{2150E333-8FDC-42A3-9474-1A3956D46DE8}") = "Application", "Application", "{A4DCA1B2-393E-452E-AD33-61599A247153}"
EndProject
Project("{2150E333-8FDC-42A3-9474-1A3956D46DE8}") = "Domain", "Domain", "{81C459DB-EB7E-461F-8544-E389A4FAE158}"
EndProject
Project("{2150E333-8FDC-42A3-9474-1A3956D46DE8}") = "Persistence", "Persistence", "{E2D3A81A-CA4B-47A1-BF16-A433AFD1C90C}"
EndProject
Project("{9A19103F-16F7-4668-BE54-9A1E7A4F7556}") = "Northwind.Employees.Domain", "Northwind.Employees.Domain\Northwind.Employees.Domain.csproj", "{7478B9CC-8190-412E-854E-6E36871EEB7D}"
EndProject
Project("{9A19103F-16F7-4668-BE54-9A1E7A4F7556}") = "Northwind.Orders.Api", "Northwind.Orders.Api\Northwind.Orders.Api.csproj", "{EBED2089-8EB8-4366-BD30-E2D31F243839}"
EndProject
Project("{9A19103F-16F7-4668-BE54-9A1E7A4F7556}") = "Northwind.Orders.Application", "Northwind.Orders.Application\Northwind.Orders.Application.csproj", "{A80411D6-B151-4E09-9B45-2482736A9E89}"
EndProject
Project("{9A19103F-16F7-4668-BE54-9A1E7A4F7556}") = "Northwind.Orders.Domain", "Northwind.Orders.Domain\Northwind.Orders.Domain.csproj", "{1B6829CD-F229-48E1-9077-C3094962E3E4}"
EndProject
Project("{9A19103F-16F7-4668-BE54-9A1E7A4F7556}") = "Northwind.Orders.Persistence", "Northwind.Orders.Persistence\Northwind.Orders.Persistence.csproj", "{DE373E0F-865F-4A2F-961B-286ABCC81F6D}"
EndProject
Project("{2150E333-8FDC-42A3-9474-1A3956D46DE8}") = "IOC", "IOC", "{0E71EEA1-EAAE-43B3-8584-1BC56CF38074}"
EndProject
Project("{9A19103F-16F7-4668-BE54-9A1E7A4F7556}") = "Northwind.Employees.IOC", "Northwind.Employees.IOC\Northwind.Employees.IOC.csproj", "{77DA7809-63E3-472A-AC82-95AE481E19DE}"
EndProject
Project("{2150E333-8FDC-42A3-9474-1A3956D46DE8}") = "IOC", "IOC", "{E707758B-354C-4829-882F-DA2094F5EA08}"
EndProject
Project("{9A19103F-16F7-4668-BE54-9A1E7A4F7556}") = "Northwind.Orders.IOC", "Northwind.Orders.IOC\Northwind.Orders.IOC.csproj", "{E68027E1-A618-4AF8-BBD6-CBC8F647C62A}"
EndProject
Project("{2150E333-8FDC-42A3-9474-1A3956D46DE8}") = "Persistence", "Persistence", "{A900FDCE-4B49-4EBD-97E2-6CB29B76F001}"
EndProject
Project("{9A19103F-16F7-4668-BE54-9A1E7A4F7556}") = "Northwind.Employees.Persistence", "Northwind.Employees.Persistence\Northwind.Employees.Persistence.csproj", "{F0A74712-77BC-4ACA-9F3E-4C50856099B0}"
EndProject
Project("{2150E333-8FDC-42A3-9474-1A3956D46DE8}") = "Suppliers Management", "Suppliers Management", "{B17C4932-B6BF-4821-820C-8A69532F1A3C}"
EndProject
Project("{2150E333-8FDC-42A3-9474-1A3956D46DE8}") = "Api", "Api", "{F2BA2A01-C4FB-42EE-A7BB-B9E104D49D26}"
EndProject
Project("{9A19103F-16F7-4668-BE54-9A1E7A4F7556}") = "Northwind.Suppliers.Api", "Northwind.Suppliers.Api\Northwind.Suppliers.Api.csproj", "{7D0A4641-15D1-4701-836A-9BB25AD1B023}"
EndProject
Project("{2150E333-8FDC-42A3-9474-1A3956D46DE8}") = "Application", "Application", "{BC8E6C83-9102-4B4E-8DAD-BB3DC9BE9F6A}"
EndProject
Project("{9A19103F-16F7-4668-BE54-9A1E7A4F7556}") = "Northwind.Suppliers.Application", "Northwind.Suppliers.Application\Northwind.Suppliers.Application.csproj", "{AA8CB6E1-B297-48A4-A439-DBA185212BD5}"
EndProject
Project("{2150E333-8FDC-42A3-9474-1A3956D46DE8}") = "Domain", "Domain", "{4CEEE463-B9D0-4E7F-894A-7749D9099113}"
EndProject
Project("{9A19103F-16F7-4668-BE54-9A1E7A4F7556}") = "Northwind.Suppliers.Domain", "Northwind.Suppliers.Domain\Northwind.Suppliers.Domain.csproj", "{7E3E6D72-FF9D-4F3F-A59D-9AF9A3ABC1CF}"
EndProject
Project("{2150E333-8FDC-42A3-9474-1A3956D46DE8}") = "IOC", "IOC", "{F74DF550-B654-4E4D-98B7-A5779FCA39A3}"
EndProject
Project("{9A19103F-16F7-4668-BE54-9A1E7A4F7556}") = "Northwind.Suppliers.IOC", "Northwind.Suppliers.IOC\Northwind.Suppliers.IOC.csproj", "{574F6E5D-12C8-4F56-A7DB-178C18BF10EB}"
EndProject
Project("{2150E333-8FDC-42A3-9474-1A3956D46DE8}") = "Persistence", "Persistence", "{2CB15414-78CF-418D-88C6-3731E4CC59F0}"
EndProject
Project("{9A19103F-16F7-4668-BE54-9A1E7A4F7556}") = "Northwind.Suppliers.Persistence", "Northwind.Suppliers.Persistence\Northwind.Suppliers.Persistence.csproj", "{E8135E28-3283-4996-946E-325DBCF58F41}"
EndProject
Project("{FAE04EC0-301F-11D3-BF4B-00C04F79EFBC}") = "Northwind.web", "Northwind.web\Northwind.web.csproj", "{738FDCF9-278A-4FE1-BF02-2E77B43F3F59}"
EndProject
Global
	GlobalSection(SolutionConfigurationPlatforms) = preSolution
		Debug|Any CPU = Debug|Any CPU
		Release|Any CPU = Release|Any CPU
	EndGlobalSection
	GlobalSection(ProjectConfigurationPlatforms) = postSolution
		{D0C40765-92EA-45A4-9100-DCC0413D9C12}.Debug|Any CPU.ActiveCfg = Debug|Any CPU
		{D0C40765-92EA-45A4-9100-DCC0413D9C12}.Debug|Any CPU.Build.0 = Debug|Any CPU
		{D0C40765-92EA-45A4-9100-DCC0413D9C12}.Release|Any CPU.ActiveCfg = Release|Any CPU
		{D0C40765-92EA-45A4-9100-DCC0413D9C12}.Release|Any CPU.Build.0 = Release|Any CPU
		{6919F005-F21F-48DB-B132-A5F5D5D61323}.Debug|Any CPU.ActiveCfg = Debug|Any CPU
		{6919F005-F21F-48DB-B132-A5F5D5D61323}.Debug|Any CPU.Build.0 = Debug|Any CPU
		{6919F005-F21F-48DB-B132-A5F5D5D61323}.Release|Any CPU.ActiveCfg = Release|Any CPU
		{6919F005-F21F-48DB-B132-A5F5D5D61323}.Release|Any CPU.Build.0 = Release|Any CPU
		{55CB9FA7-56CD-4E7E-BC7A-567F41C0EC48}.Debug|Any CPU.ActiveCfg = Debug|Any CPU
		{55CB9FA7-56CD-4E7E-BC7A-567F41C0EC48}.Debug|Any CPU.Build.0 = Debug|Any CPU
		{55CB9FA7-56CD-4E7E-BC7A-567F41C0EC48}.Release|Any CPU.ActiveCfg = Release|Any CPU
		{55CB9FA7-56CD-4E7E-BC7A-567F41C0EC48}.Release|Any CPU.Build.0 = Release|Any CPU
		{C30774C7-0D78-44A5-B5A9-73AFC5B87904}.Debug|Any CPU.ActiveCfg = Debug|Any CPU
		{C30774C7-0D78-44A5-B5A9-73AFC5B87904}.Debug|Any CPU.Build.0 = Debug|Any CPU
		{C30774C7-0D78-44A5-B5A9-73AFC5B87904}.Release|Any CPU.ActiveCfg = Release|Any CPU
		{C30774C7-0D78-44A5-B5A9-73AFC5B87904}.Release|Any CPU.Build.0 = Release|Any CPU
		{7478B9CC-8190-412E-854E-6E36871EEB7D}.Debug|Any CPU.ActiveCfg = Debug|Any CPU
		{7478B9CC-8190-412E-854E-6E36871EEB7D}.Debug|Any CPU.Build.0 = Debug|Any CPU
		{7478B9CC-8190-412E-854E-6E36871EEB7D}.Release|Any CPU.ActiveCfg = Release|Any CPU
		{7478B9CC-8190-412E-854E-6E36871EEB7D}.Release|Any CPU.Build.0 = Release|Any CPU
		{EBED2089-8EB8-4366-BD30-E2D31F243839}.Debug|Any CPU.ActiveCfg = Debug|Any CPU
		{EBED2089-8EB8-4366-BD30-E2D31F243839}.Debug|Any CPU.Build.0 = Debug|Any CPU
		{EBED2089-8EB8-4366-BD30-E2D31F243839}.Release|Any CPU.ActiveCfg = Release|Any CPU
		{EBED2089-8EB8-4366-BD30-E2D31F243839}.Release|Any CPU.Build.0 = Release|Any CPU
		{A80411D6-B151-4E09-9B45-2482736A9E89}.Debug|Any CPU.ActiveCfg = Debug|Any CPU
		{A80411D6-B151-4E09-9B45-2482736A9E89}.Debug|Any CPU.Build.0 = Debug|Any CPU
		{A80411D6-B151-4E09-9B45-2482736A9E89}.Release|Any CPU.ActiveCfg = Release|Any CPU
		{A80411D6-B151-4E09-9B45-2482736A9E89}.Release|Any CPU.Build.0 = Release|Any CPU
		{1B6829CD-F229-48E1-9077-C3094962E3E4}.Debug|Any CPU.ActiveCfg = Debug|Any CPU
		{1B6829CD-F229-48E1-9077-C3094962E3E4}.Debug|Any CPU.Build.0 = Debug|Any CPU
		{1B6829CD-F229-48E1-9077-C3094962E3E4}.Release|Any CPU.ActiveCfg = Release|Any CPU
		{1B6829CD-F229-48E1-9077-C3094962E3E4}.Release|Any CPU.Build.0 = Release|Any CPU
		{DE373E0F-865F-4A2F-961B-286ABCC81F6D}.Debug|Any CPU.ActiveCfg = Debug|Any CPU
		{DE373E0F-865F-4A2F-961B-286ABCC81F6D}.Debug|Any CPU.Build.0 = Debug|Any CPU
		{DE373E0F-865F-4A2F-961B-286ABCC81F6D}.Release|Any CPU.ActiveCfg = Release|Any CPU
		{DE373E0F-865F-4A2F-961B-286ABCC81F6D}.Release|Any CPU.Build.0 = Release|Any CPU
		{77DA7809-63E3-472A-AC82-95AE481E19DE}.Debug|Any CPU.ActiveCfg = Debug|Any CPU
		{77DA7809-63E3-472A-AC82-95AE481E19DE}.Debug|Any CPU.Build.0 = Debug|Any CPU
		{77DA7809-63E3-472A-AC82-95AE481E19DE}.Release|Any CPU.ActiveCfg = Release|Any CPU
		{77DA7809-63E3-472A-AC82-95AE481E19DE}.Release|Any CPU.Build.0 = Release|Any CPU
		{E68027E1-A618-4AF8-BBD6-CBC8F647C62A}.Debug|Any CPU.ActiveCfg = Debug|Any CPU
		{E68027E1-A618-4AF8-BBD6-CBC8F647C62A}.Debug|Any CPU.Build.0 = Debug|Any CPU
		{E68027E1-A618-4AF8-BBD6-CBC8F647C62A}.Release|Any CPU.ActiveCfg = Release|Any CPU
		{E68027E1-A618-4AF8-BBD6-CBC8F647C62A}.Release|Any CPU.Build.0 = Release|Any CPU
		{F0A74712-77BC-4ACA-9F3E-4C50856099B0}.Debug|Any CPU.ActiveCfg = Debug|Any CPU
		{F0A74712-77BC-4ACA-9F3E-4C50856099B0}.Debug|Any CPU.Build.0 = Debug|Any CPU
		{F0A74712-77BC-4ACA-9F3E-4C50856099B0}.Release|Any CPU.ActiveCfg = Release|Any CPU
		{F0A74712-77BC-4ACA-9F3E-4C50856099B0}.Release|Any CPU.Build.0 = Release|Any CPU
		{7D0A4641-15D1-4701-836A-9BB25AD1B023}.Debug|Any CPU.ActiveCfg = Debug|Any CPU
		{7D0A4641-15D1-4701-836A-9BB25AD1B023}.Debug|Any CPU.Build.0 = Debug|Any CPU
		{7D0A4641-15D1-4701-836A-9BB25AD1B023}.Release|Any CPU.ActiveCfg = Release|Any CPU
		{7D0A4641-15D1-4701-836A-9BB25AD1B023}.Release|Any CPU.Build.0 = Release|Any CPU
		{AA8CB6E1-B297-48A4-A439-DBA185212BD5}.Debug|Any CPU.ActiveCfg = Debug|Any CPU
		{AA8CB6E1-B297-48A4-A439-DBA185212BD5}.Debug|Any CPU.Build.0 = Debug|Any CPU
		{AA8CB6E1-B297-48A4-A439-DBA185212BD5}.Release|Any CPU.ActiveCfg = Release|Any CPU
		{AA8CB6E1-B297-48A4-A439-DBA185212BD5}.Release|Any CPU.Build.0 = Release|Any CPU
		{7E3E6D72-FF9D-4F3F-A59D-9AF9A3ABC1CF}.Debug|Any CPU.ActiveCfg = Debug|Any CPU
		{7E3E6D72-FF9D-4F3F-A59D-9AF9A3ABC1CF}.Debug|Any CPU.Build.0 = Debug|Any CPU
		{7E3E6D72-FF9D-4F3F-A59D-9AF9A3ABC1CF}.Release|Any CPU.ActiveCfg = Release|Any CPU
		{7E3E6D72-FF9D-4F3F-A59D-9AF9A3ABC1CF}.Release|Any CPU.Build.0 = Release|Any CPU
		{574F6E5D-12C8-4F56-A7DB-178C18BF10EB}.Debug|Any CPU.ActiveCfg = Debug|Any CPU
		{574F6E5D-12C8-4F56-A7DB-178C18BF10EB}.Debug|Any CPU.Build.0 = Debug|Any CPU
		{574F6E5D-12C8-4F56-A7DB-178C18BF10EB}.Release|Any CPU.ActiveCfg = Release|Any CPU
		{574F6E5D-12C8-4F56-A7DB-178C18BF10EB}.Release|Any CPU.Build.0 = Release|Any CPU
		{E8135E28-3283-4996-946E-325DBCF58F41}.Debug|Any CPU.ActiveCfg = Debug|Any CPU
		{E8135E28-3283-4996-946E-325DBCF58F41}.Debug|Any CPU.Build.0 = Debug|Any CPU
		{E8135E28-3283-4996-946E-325DBCF58F41}.Release|Any CPU.ActiveCfg = Release|Any CPU
		{E8135E28-3283-4996-946E-325DBCF58F41}.Release|Any CPU.Build.0 = Release|Any CPU
		{738FDCF9-278A-4FE1-BF02-2E77B43F3F59}.Debug|Any CPU.ActiveCfg = Debug|Any CPU
		{738FDCF9-278A-4FE1-BF02-2E77B43F3F59}.Debug|Any CPU.Build.0 = Debug|Any CPU
		{738FDCF9-278A-4FE1-BF02-2E77B43F3F59}.Release|Any CPU.ActiveCfg = Release|Any CPU
		{738FDCF9-278A-4FE1-BF02-2E77B43F3F59}.Release|Any CPU.Build.0 = Release|Any CPU
	EndGlobalSection
	GlobalSection(SolutionProperties) = preSolution
		HideSolutionNode = FALSE
	EndGlobalSection
	GlobalSection(NestedProjects) = preSolution
		{9DE2CA7E-7F52-4E24-8502-D435860AFAF5} = {919AC9D3-E8FB-44BC-9BE6-445068965BAF}
		{5B285D3E-E1C8-4963-B601-7A00EC0CC749} = {919AC9D3-E8FB-44BC-9BE6-445068965BAF}
		{AE190B6F-5D41-4268-9F94-981D2555DB5B} = {5B285D3E-E1C8-4963-B601-7A00EC0CC749}
		{1B50D06B-3973-49E5-9983-B1A5AC715F85} = {5B285D3E-E1C8-4963-B601-7A00EC0CC749}
		{D0C40765-92EA-45A4-9100-DCC0413D9C12} = {AE190B6F-5D41-4268-9F94-981D2555DB5B}
		{6919F005-F21F-48DB-B132-A5F5D5D61323} = {1B50D06B-3973-49E5-9983-B1A5AC715F85}
		{8412E103-65E8-4CD7-A1B1-F50AA68167D2} = {5B285D3E-E1C8-4963-B601-7A00EC0CC749}
		{A64FF068-933D-400E-BB2B-05AD21E4B38F} = {8412E103-65E8-4CD7-A1B1-F50AA68167D2}
		{5318DDD3-CF7A-407F-B8E3-31E9AAAC9A2B} = {A64FF068-933D-400E-BB2B-05AD21E4B38F}
		{F40BF575-F4ED-4380-AE7E-6771F6494E18} = {A64FF068-933D-400E-BB2B-05AD21E4B38F}
		{A816655D-A7C4-4EC1-A247-5BCA0B054EA2} = {A64FF068-933D-400E-BB2B-05AD21E4B38F}
		{55CB9FA7-56CD-4E7E-BC7A-567F41C0EC48} = {5318DDD3-CF7A-407F-B8E3-31E9AAAC9A2B}
		{C30774C7-0D78-44A5-B5A9-73AFC5B87904} = {F40BF575-F4ED-4380-AE7E-6771F6494E18}
		{4C39FAF1-1391-4239-9121-6AC1AF47654D} = {8412E103-65E8-4CD7-A1B1-F50AA68167D2}
		{F5D8279A-49EC-43E0-9DA2-C9B467801E49} = {4C39FAF1-1391-4239-9121-6AC1AF47654D}
		{A4DCA1B2-393E-452E-AD33-61599A247153} = {4C39FAF1-1391-4239-9121-6AC1AF47654D}
		{81C459DB-EB7E-461F-8544-E389A4FAE158} = {4C39FAF1-1391-4239-9121-6AC1AF47654D}
		{E2D3A81A-CA4B-47A1-BF16-A433AFD1C90C} = {4C39FAF1-1391-4239-9121-6AC1AF47654D}
		{7478B9CC-8190-412E-854E-6E36871EEB7D} = {A816655D-A7C4-4EC1-A247-5BCA0B054EA2}
		{EBED2089-8EB8-4366-BD30-E2D31F243839} = {F5D8279A-49EC-43E0-9DA2-C9B467801E49}
		{A80411D6-B151-4E09-9B45-2482736A9E89} = {A4DCA1B2-393E-452E-AD33-61599A247153}
		{1B6829CD-F229-48E1-9077-C3094962E3E4} = {81C459DB-EB7E-461F-8544-E389A4FAE158}
		{DE373E0F-865F-4A2F-961B-286ABCC81F6D} = {E2D3A81A-CA4B-47A1-BF16-A433AFD1C90C}
		{0E71EEA1-EAAE-43B3-8584-1BC56CF38074} = {A64FF068-933D-400E-BB2B-05AD21E4B38F}
		{77DA7809-63E3-472A-AC82-95AE481E19DE} = {0E71EEA1-EAAE-43B3-8584-1BC56CF38074}
		{E707758B-354C-4829-882F-DA2094F5EA08} = {4C39FAF1-1391-4239-9121-6AC1AF47654D}
		{E68027E1-A618-4AF8-BBD6-CBC8F647C62A} = {E707758B-354C-4829-882F-DA2094F5EA08}
		{A900FDCE-4B49-4EBD-97E2-6CB29B76F001} = {A64FF068-933D-400E-BB2B-05AD21E4B38F}
		{F0A74712-77BC-4ACA-9F3E-4C50856099B0} = {A900FDCE-4B49-4EBD-97E2-6CB29B76F001}
		{B17C4932-B6BF-4821-820C-8A69532F1A3C} = {8412E103-65E8-4CD7-A1B1-F50AA68167D2}
		{F2BA2A01-C4FB-42EE-A7BB-B9E104D49D26} = {B17C4932-B6BF-4821-820C-8A69532F1A3C}
		{7D0A4641-15D1-4701-836A-9BB25AD1B023} = {F2BA2A01-C4FB-42EE-A7BB-B9E104D49D26}
		{BC8E6C83-9102-4B4E-8DAD-BB3DC9BE9F6A} = {B17C4932-B6BF-4821-820C-8A69532F1A3C}
		{AA8CB6E1-B297-48A4-A439-DBA185212BD5} = {BC8E6C83-9102-4B4E-8DAD-BB3DC9BE9F6A}
		{4CEEE463-B9D0-4E7F-894A-7749D9099113} = {B17C4932-B6BF-4821-820C-8A69532F1A3C}
		{7E3E6D72-FF9D-4F3F-A59D-9AF9A3ABC1CF} = {4CEEE463-B9D0-4E7F-894A-7749D9099113}
		{F74DF550-B654-4E4D-98B7-A5779FCA39A3} = {B17C4932-B6BF-4821-820C-8A69532F1A3C}
		{574F6E5D-12C8-4F56-A7DB-178C18BF10EB} = {F74DF550-B654-4E4D-98B7-A5779FCA39A3}
		{2CB15414-78CF-418D-88C6-3731E4CC59F0} = {B17C4932-B6BF-4821-820C-8A69532F1A3C}
		{E8135E28-3283-4996-946E-325DBCF58F41} = {2CB15414-78CF-418D-88C6-3731E4CC59F0}
		{738FDCF9-278A-4FE1-BF02-2E77B43F3F59} = {9DE2CA7E-7F52-4E24-8502-D435860AFAF5}
	EndGlobalSection
	GlobalSection(ExtensibilityGlobals) = postSolution
		SolutionGuid = {B4E9ABDC-1A16-4574-B1EA-69663D5015DC}
	EndGlobalSection
EndGlobal
